// !$*UTF8*$!
{
	archiveVersion = 1;
	classes = {
	};
	objectVersion = 55;
	objects = {

/* Begin PBXBuildFile section */
		F83CB76E2C9F38320097388F /* Picture.swift in Sources */ = {isa = PBXBuildFile; fileRef = F83CB76D2C9F38320097388F /* Picture.swift */; };
		F8665E752C99FD2C001D6A49 /* PictureCell.swift in Sources */ = {isa = PBXBuildFile; fileRef = F8665E742C99FD2C001D6A49 /* PictureCell.swift */; };
		F8F0A91C2C79C828009C85BC /* AppDelegate.swift in Sources */ = {isa = PBXBuildFile; fileRef = F8F0A91B2C79C828009C85BC /* AppDelegate.swift */; };
		F8F0A91E2C79C828009C85BC /* SceneDelegate.swift in Sources */ = {isa = PBXBuildFile; fileRef = F8F0A91D2C79C828009C85BC /* SceneDelegate.swift */; };
		F8F0A9202C79C828009C85BC /* ViewController.swift in Sources */ = {isa = PBXBuildFile; fileRef = F8F0A91F2C79C828009C85BC /* ViewController.swift */; };
		F8F0A9232C79C828009C85BC /* Main.storyboard in Resources */ = {isa = PBXBuildFile; fileRef = F8F0A9212C79C828009C85BC /* Main.storyboard */; };
		F8F0A9252C79C82B009C85BC /* Assets.xcassets in Resources */ = {isa = PBXBuildFile; fileRef = F8F0A9242C79C82B009C85BC /* Assets.xcassets */; };
		F8F0A9282C79C82B009C85BC /* LaunchScreen.storyboard in Resources */ = {isa = PBXBuildFile; fileRef = F8F0A9262C79C82B009C85BC /* LaunchScreen.storyboard */; };
		F8F5F8142C7A0636002F8E5A /* nssl0049.jpg in Resources */ = {isa = PBXBuildFile; fileRef = F8F5F80A2C7A0636002F8E5A /* nssl0049.jpg */; };
		F8F5F8152C7A0636002F8E5A /* nssl0046.jpg in Resources */ = {isa = PBXBuildFile; fileRef = F8F5F80B2C7A0636002F8E5A /* nssl0046.jpg */; };
		F8F5F8162C7A0636002F8E5A /* nssl0091.jpg in Resources */ = {isa = PBXBuildFile; fileRef = F8F5F80C2C7A0636002F8E5A /* nssl0091.jpg */; };
		F8F5F8172C7A0636002F8E5A /* nssl0045.jpg in Resources */ = {isa = PBXBuildFile; fileRef = F8F5F80D2C7A0636002F8E5A /* nssl0045.jpg */; };
		F8F5F8182C7A0636002F8E5A /* nssl0051.jpg in Resources */ = {isa = PBXBuildFile; fileRef = F8F5F80E2C7A0636002F8E5A /* nssl0051.jpg */; };
		F8F5F8192C7A0636002F8E5A /* nssl0041.jpg in Resources */ = {isa = PBXBuildFile; fileRef = F8F5F80F2C7A0636002F8E5A /* nssl0041.jpg */; };
		F8F5F81A2C7A0636002F8E5A /* nssl0042.jpg in Resources */ = {isa = PBXBuildFile; fileRef = F8F5F8102C7A0636002F8E5A /* nssl0042.jpg */; };
		F8F5F81B2C7A0636002F8E5A /* nssl0043.jpg in Resources */ = {isa = PBXBuildFile; fileRef = F8F5F8112C7A0636002F8E5A /* nssl0043.jpg */; };
		F8F5F81C2C7A0636002F8E5A /* nssl0033.jpg in Resources */ = {isa = PBXBuildFile; fileRef = F8F5F8122C7A0636002F8E5A /* nssl0033.jpg */; };
		F8F5F81D2C7A0636002F8E5A /* nssl0034.jpg in Resources */ = {isa = PBXBuildFile; fileRef = F8F5F8132C7A0636002F8E5A /* nssl0034.jpg */; };
		F8F5F81F2C7A37BB002F8E5A /* DetailViewController.swift in Sources */ = {isa = PBXBuildFile; fileRef = F8F5F81E2C7A37BB002F8E5A /* DetailViewController.swift */; };
/* End PBXBuildFile section */

/* Begin PBXFileReference section */
		F83CB76D2C9F38320097388F /* Picture.swift */ = {isa = PBXFileReference; lastKnownFileType = sourcecode.swift; path = Picture.swift; sourceTree = "<group>"; };
		F8665E742C99FD2C001D6A49 /* PictureCell.swift */ = {isa = PBXFileReference; lastKnownFileType = sourcecode.swift; path = PictureCell.swift; sourceTree = "<group>"; };
		F8F0A9182C79C828009C85BC /* Project1.app */ = {isa = PBXFileReference; explicitFileType = wrapper.application; includeInIndex = 0; path = Project1.app; sourceTree = BUILT_PRODUCTS_DIR; };
		F8F0A91B2C79C828009C85BC /* AppDelegate.swift */ = {isa = PBXFileReference; lastKnownFileType = sourcecode.swift; path = AppDelegate.swift; sourceTree = "<group>"; };
		F8F0A91D2C79C828009C85BC /* SceneDelegate.swift */ = {isa = PBXFileReference; lastKnownFileType = sourcecode.swift; path = SceneDelegate.swift; sourceTree = "<group>"; };
		F8F0A91F2C79C828009C85BC /* ViewController.swift */ = {isa = PBXFileReference; lastKnownFileType = sourcecode.swift; path = ViewController.swift; sourceTree = "<group>"; };
		F8F0A9222C79C828009C85BC /* Base */ = {isa = PBXFileReference; lastKnownFileType = file.storyboard; name = Base; path = Base.lproj/Main.storyboard; sourceTree = "<group>"; };
		F8F0A9242C79C82B009C85BC /* Assets.xcassets */ = {isa = PBXFileReference; lastKnownFileType = folder.assetcatalog; path = Assets.xcassets; sourceTree = "<group>"; };
		F8F0A9272C79C82B009C85BC /* Base */ = {isa = PBXFileReference; lastKnownFileType = file.storyboard; name = Base; path = Base.lproj/LaunchScreen.storyboard; sourceTree = "<group>"; };
		F8F0A9292C79C82B009C85BC /* Info.plist */ = {isa = PBXFileReference; lastKnownFileType = text.plist.xml; path = Info.plist; sourceTree = "<group>"; };
		F8F5F80A2C7A0636002F8E5A /* nssl0049.jpg */ = {isa = PBXFileReference; lastKnownFileType = image.jpeg; path = nssl0049.jpg; sourceTree = "<group>"; };
		F8F5F80B2C7A0636002F8E5A /* nssl0046.jpg */ = {isa = PBXFileReference; lastKnownFileType = image.jpeg; path = nssl0046.jpg; sourceTree = "<group>"; };
		F8F5F80C2C7A0636002F8E5A /* nssl0091.jpg */ = {isa = PBXFileReference; lastKnownFileType = image.jpeg; path = nssl0091.jpg; sourceTree = "<group>"; };
		F8F5F80D2C7A0636002F8E5A /* nssl0045.jpg */ = {isa = PBXFileReference; lastKnownFileType = image.jpeg; path = nssl0045.jpg; sourceTree = "<group>"; };
		F8F5F80E2C7A0636002F8E5A /* nssl0051.jpg */ = {isa = PBXFileReference; lastKnownFileType = image.jpeg; path = nssl0051.jpg; sourceTree = "<group>"; };
		F8F5F80F2C7A0636002F8E5A /* nssl0041.jpg */ = {isa = PBXFileReference; lastKnownFileType = image.jpeg; path = nssl0041.jpg; sourceTree = "<group>"; };
		F8F5F8102C7A0636002F8E5A /* nssl0042.jpg */ = {isa = PBXFileReference; lastKnownFileType = image.jpeg; path = nssl0042.jpg; sourceTree = "<group>"; };
		F8F5F8112C7A0636002F8E5A /* nssl0043.jpg */ = {isa = PBXFileReference; lastKnownFileType = image.jpeg; path = nssl0043.jpg; sourceTree = "<group>"; };
		F8F5F8122C7A0636002F8E5A /* nssl0033.jpg */ = {isa = PBXFileReference; lastKnownFileType = image.jpeg; path = nssl0033.jpg; sourceTree = "<group>"; };
		F8F5F8132C7A0636002F8E5A /* nssl0034.jpg */ = {isa = PBXFileReference; lastKnownFileType = image.jpeg; path = nssl0034.jpg; sourceTree = "<group>"; };
		F8F5F81E2C7A37BB002F8E5A /* DetailViewController.swift */ = {isa = PBXFileReference; lastKnownFileType = sourcecode.swift; path = DetailViewController.swift; sourceTree = "<group>"; };
/* End PBXFileReference section */

/* Begin PBXFrameworksBuildPhase section */
		F8F0A9152C79C828009C85BC /* Frameworks */ = {
			isa = PBXFrameworksBuildPhase;
			buildActionMask = 2147483647;
			files = (
			);
			runOnlyForDeploymentPostprocessing = 0;
		};
/* End PBXFrameworksBuildPhase section */

/* Begin PBXGroup section */
		F8F0A90F2C79C828009C85BC = {
			isa = PBXGroup;
			children = (
				F8F0A91A2C79C828009C85BC /* Project1 */,
				F8F0A9192C79C828009C85BC /* Products */,
			);
			sourceTree = "<group>";
		};
		F8F0A9192C79C828009C85BC /* Products */ = {
			isa = PBXGroup;
			children = (
				F8F0A9182C79C828009C85BC /* Project1.app */,
			);
			name = Products;
			sourceTree = "<group>";
		};
		F8F0A91A2C79C828009C85BC /* Project1 */ = {
			isa = PBXGroup;
			children = (
				F8F0A91B2C79C828009C85BC /* AppDelegate.swift */,
				F8F0A91D2C79C828009C85BC /* SceneDelegate.swift */,
				F8F0A91F2C79C828009C85BC /* ViewController.swift */,
				F8F5F81E2C7A37BB002F8E5A /* DetailViewController.swift */,
				F8665E742C99FD2C001D6A49 /* PictureCell.swift */,
				F83CB76D2C9F38320097388F /* Picture.swift */,
				F8F0A9212C79C828009C85BC /* Main.storyboard */,
				F8F0A9242C79C82B009C85BC /* Assets.xcassets */,
				F8F0A9262C79C82B009C85BC /* LaunchScreen.storyboard */,
				F8F0A9292C79C82B009C85BC /* Info.plist */,
				F8F5F8092C7A0636002F8E5A /* Content */,
			);
			path = Project1;
			sourceTree = "<group>";
		};
		F8F5F8092C7A0636002F8E5A /* Content */ = {
			isa = PBXGroup;
			children = (
				F8F5F80A2C7A0636002F8E5A /* nssl0049.jpg */,
				F8F5F80B2C7A0636002F8E5A /* nssl0046.jpg */,
				F8F5F80C2C7A0636002F8E5A /* nssl0091.jpg */,
				F8F5F80D2C7A0636002F8E5A /* nssl0045.jpg */,
				F8F5F80E2C7A0636002F8E5A /* nssl0051.jpg */,
				F8F5F80F2C7A0636002F8E5A /* nssl0041.jpg */,
				F8F5F8102C7A0636002F8E5A /* nssl0042.jpg */,
				F8F5F8112C7A0636002F8E5A /* nssl0043.jpg */,
				F8F5F8122C7A0636002F8E5A /* nssl0033.jpg */,
				F8F5F8132C7A0636002F8E5A /* nssl0034.jpg */,
			);
			path = Content;
			sourceTree = "<group>";
		};
/* End PBXGroup section */

/* Begin PBXNativeTarget section */
		F8F0A9172C79C828009C85BC /* Project1 */ = {
			isa = PBXNativeTarget;
			buildConfigurationList = F8F0A92C2C79C82B009C85BC /* Build configuration list for PBXNativeTarget "Project1" */;
			buildPhases = (
				F8F0A9142C79C828009C85BC /* Sources */,
				F8F0A9152C79C828009C85BC /* Frameworks */,
				F8F0A9162C79C828009C85BC /* Resources */,
			);
			buildRules = (
			);
			dependencies = (
			);
			name = Project1;
			productName = Project1;
			productReference = F8F0A9182C79C828009C85BC /* Project1.app */;
			productType = "com.apple.product-type.application";
		};
/* End PBXNativeTarget section */

/* Begin PBXProject section */
		F8F0A9102C79C828009C85BC /* Project object */ = {
			isa = PBXProject;
			attributes = {
				BuildIndependentTargetsInParallel = 1;
				LastSwiftUpdateCheck = 1320;
				LastUpgradeCheck = 1540;
				TargetAttributes = {
					F8F0A9172C79C828009C85BC = {
						CreatedOnToolsVersion = 13.2.1;
					};
				};
			};
			buildConfigurationList = F8F0A9132C79C828009C85BC /* Build configuration list for PBXProject "Project1" */;
			compatibilityVersion = "Xcode 13.0";
			developmentRegion = en;
			hasScannedForEncodings = 0;
			knownRegions = (
				en,
				Base,
			);
			mainGroup = F8F0A90F2C79C828009C85BC;
			productRefGroup = F8F0A9192C79C828009C85BC /* Products */;
			projectDirPath = "";
			projectRoot = "";
			targets = (
				F8F0A9172C79C828009C85BC /* Project1 */,
			);
		};
/* End PBXProject section */

/* Begin PBXResourcesBuildPhase section */
		F8F0A9162C79C828009C85BC /* Resources */ = {
			isa = PBXResourcesBuildPhase;
			buildActionMask = 2147483647;
			files = (
				F8F5F8152C7A0636002F8E5A /* nssl0046.jpg in Resources */,
				F8F5F81C2C7A0636002F8E5A /* nssl0033.jpg in Resources */,
				F8F5F8182C7A0636002F8E5A /* nssl0051.jpg in Resources */,
				F8F5F8162C7A0636002F8E5A /* nssl0091.jpg in Resources */,
				F8F5F81B2C7A0636002F8E5A /* nssl0043.jpg in Resources */,
				F8F5F81D2C7A0636002F8E5A /* nssl0034.jpg in Resources */,
				F8F5F8142C7A0636002F8E5A /* nssl0049.jpg in Resources */,
				F8F5F8192C7A0636002F8E5A /* nssl0041.jpg in Resources */,
				F8F5F81A2C7A0636002F8E5A /* nssl0042.jpg in Resources */,
				F8F0A9282C79C82B009C85BC /* LaunchScreen.storyboard in Resources */,
				F8F0A9252C79C82B009C85BC /* Assets.xcassets in Resources */,
				F8F5F8172C7A0636002F8E5A /* nssl0045.jpg in Resources */,
				F8F0A9232C79C828009C85BC /* Main.storyboard in Resources */,
			);
			runOnlyForDeploymentPostprocessing = 0;
		};
/* End PBXResourcesBuildPhase section */

/* Begin PBXSourcesBuildPhase section */
		F8F0A9142C79C828009C85BC /* Sources */ = {
			isa = PBXSourcesBuildPhase;
			buildActionMask = 2147483647;
			files = (
				F83CB76E2C9F38320097388F /* Picture.swift in Sources */,
				F8F0A9202C79C828009C85BC /* ViewController.swift in Sources */,
				F8F0A91C2C79C828009C85BC /* AppDelegate.swift in Sources */,
				F8665E752C99FD2C001D6A49 /* PictureCell.swift in Sources */,
				F8F0A91E2C79C828009C85BC /* SceneDelegate.swift in Sources */,
				F8F5F81F2C7A37BB002F8E5A /* DetailViewController.swift in Sources */,
			);
			runOnlyForDeploymentPostprocessing = 0;
		};
/* End PBXSourcesBuildPhase section */

/* Begin PBXVariantGroup section */
		F8F0A9212C79C828009C85BC /* Main.storyboard */ = {
			isa = PBXVariantGroup;
			children = (
				F8F0A9222C79C828009C85BC /* Base */,
			);
			name = Main.storyboard;
			sourceTree = "<group>";
		};
		F8F0A9262C79C82B009C85BC /* LaunchScreen.storyboard */ = {
			isa = PBXVariantGroup;
			children = (
				F8F0A9272C79C82B009C85BC /* Base */,
			);
			name = LaunchScreen.storyboard;
			sourceTree = "<group>";
		};
/* End PBXVariantGroup section */

/* Begin XCBuildConfiguration section */
		F8F0A92A2C79C82B009C85BC /* Debug */ = {
			isa = XCBuildConfiguration;
			buildSettings = {
				ALWAYS_SEARCH_USER_PATHS = NO;
				CLANG_ANALYZER_NONNULL = YES;
				CLANG_ANALYZER_NUMBER_OBJECT_CONVERSION = YES_AGGRESSIVE;
				CLANG_CXX_LANGUAGE_STANDARD = "gnu++17";
				CLANG_CXX_LIBRARY = "libc++";
				CLANG_ENABLE_MODULES = YES;
				CLANG_ENABLE_OBJC_ARC = YES;
				CLANG_ENABLE_OBJC_WEAK = YES;
				CLANG_WARN_BLOCK_CAPTURE_AUTORELEASING = YES;
				CLANG_WARN_BOOL_CONVERSION = YES;
				CLANG_WARN_COMMA = YES;
				CLANG_WARN_CONSTANT_CONVERSION = YES;
				CLANG_WARN_DEPRECATED_OBJC_IMPLEMENTATIONS = YES;
				CLANG_WARN_DIRECT_OBJC_ISA_USAGE = YES_ERROR;
				CLANG_WARN_DOCUMENTATION_COMMENTS = YES;
				CLANG_WARN_EMPTY_BODY = YES;
				CLANG_WARN_ENUM_CONVERSION = YES;
				CLANG_WARN_INFINITE_RECURSION = YES;
				CLANG_WARN_INT_CONVERSION = YES;
				CLANG_WARN_NON_LITERAL_NULL_CONVERSION = YES;
				CLANG_WARN_OBJC_IMPLICIT_RETAIN_SELF = YES;
				CLANG_WARN_OBJC_LITERAL_CONVERSION = YES;
				CLANG_WARN_OBJC_ROOT_CLASS = YES_ERROR;
				CLANG_WARN_QUOTED_INCLUDE_IN_FRAMEWORK_HEADER = YES;
				CLANG_WARN_RANGE_LOOP_ANALYSIS = YES;
				CLANG_WARN_STRICT_PROTOTYPES = YES;
				CLANG_WARN_SUSPICIOUS_MOVE = YES;
				CLANG_WARN_UNGUARDED_AVAILABILITY = YES_AGGRESSIVE;
				CLANG_WARN_UNREACHABLE_CODE = YES;
				CLANG_WARN__DUPLICATE_METHOD_MATCH = YES;
				COPY_PHASE_STRIP = NO;
				DEBUG_INFORMATION_FORMAT = dwarf;
				ENABLE_STRICT_OBJC_MSGSEND = YES;
				ENABLE_TESTABILITY = YES;
				ENABLE_USER_SCRIPT_SANDBOXING = YES;
				GCC_C_LANGUAGE_STANDARD = gnu11;
				GCC_DYNAMIC_NO_PIC = NO;
				GCC_NO_COMMON_BLOCKS = YES;
				GCC_OPTIMIZATION_LEVEL = 0;
				GCC_PREPROCESSOR_DEFINITIONS = (
					"DEBUG=1",
					"$(inherited)",
				);
				GCC_WARN_64_TO_32_BIT_CONVERSION = YES;
				GCC_WARN_ABOUT_RETURN_TYPE = YES_ERROR;
				GCC_WARN_UNDECLARED_SELECTOR = YES;
				GCC_WARN_UNINITIALIZED_AUTOS = YES_AGGRESSIVE;
				GCC_WARN_UNUSED_FUNCTION = YES;
				GCC_WARN_UNUSED_VARIABLE = YES;
				IPHONEOS_DEPLOYMENT_TARGET = 15.2;
				MTL_ENABLE_DEBUG_INFO = INCLUDE_SOURCE;
				MTL_FAST_MATH = YES;
				ONLY_ACTIVE_ARCH = YES;
				SDKROOT = iphoneos;
				SWIFT_ACTIVE_COMPILATION_CONDITIONS = DEBUG;
				SWIFT_OPTIMIZATION_LEVEL = "-Onone";
			};
			name = Debug;
		};
		F8F0A92B2C79C82B009C85BC /* Release */ = {
			isa = XCBuildConfiguration;
			buildSettings = {
				ALWAYS_SEARCH_USER_PATHS = NO;
				CLANG_ANALYZER_NONNULL = YES;
				CLANG_ANALYZER_NUMBER_OBJECT_CONVERSION = YES_AGGRESSIVE;
				CLANG_CXX_LANGUAGE_STANDARD = "gnu++17";
				CLANG_CXX_LIBRARY = "libc++";
				CLANG_ENABLE_MODULES = YES;
				CLANG_ENABLE_OBJC_ARC = YES;
				CLANG_ENABLE_OBJC_WEAK = YES;
				CLANG_WARN_BLOCK_CAPTURE_AUTORELEASING = YES;
				CLANG_WARN_BOOL_CONVERSION = YES;
				CLANG_WARN_COMMA = YES;
				CLANG_WARN_CONSTANT_CONVERSION = YES;
				CLANG_WARN_DEPRECATED_OBJC_IMPLEMENTATIONS = YES;
				CLANG_WARN_DIRECT_OBJC_ISA_USAGE = YES_ERROR;
				CLANG_WARN_DOCUMENTATION_COMMENTS = YES;
				CLANG_WARN_EMPTY_BODY = YES;
				CLANG_WARN_ENUM_CONVERSION = YES;
				CLANG_WARN_INFINITE_RECURSION = YES;
				CLANG_WARN_INT_CONVERSION = YES;
				CLANG_WARN_NON_LITERAL_NULL_CONVERSION = YES;
				CLANG_WARN_OBJC_IMPLICIT_RETAIN_SELF = YES;
				CLANG_WARN_OBJC_LITERAL_CONVERSION = YES;
				CLANG_WARN_OBJC_ROOT_CLASS = YES_ERROR;
				CLANG_WARN_QUOTED_INCLUDE_IN_FRAMEWORK_HEADER = YES;
				CLANG_WARN_RANGE_LOOP_ANALYSIS = YES;
				CLANG_WARN_STRICT_PROTOTYPES = YES;
				CLANG_WARN_SUSPICIOUS_MOVE = YES;
				CLANG_WARN_UNGUARDED_AVAILABILITY = YES_AGGRESSIVE;
				CLANG_WARN_UNREACHABLE_CODE = YES;
				CLANG_WARN__DUPLICATE_METHOD_MATCH = YES;
				COPY_PHASE_STRIP = NO;
				DEBUG_INFORMATION_FORMAT = "dwarf-with-dsym";
				ENABLE_NS_ASSERTIONS = NO;
				ENABLE_STRICT_OBJC_MSGSEND = YES;
				ENABLE_USER_SCRIPT_SANDBOXING = YES;
				GCC_C_LANGUAGE_STANDARD = gnu11;
				GCC_NO_COMMON_BLOCKS = YES;
				GCC_WARN_64_TO_32_BIT_CONVERSION = YES;
				GCC_WARN_ABOUT_RETURN_TYPE = YES_ERROR;
				GCC_WARN_UNDECLARED_SELECTOR = YES;
				GCC_WARN_UNINITIALIZED_AUTOS = YES_AGGRESSIVE;
				GCC_WARN_UNUSED_FUNCTION = YES;
				GCC_WARN_UNUSED_VARIABLE = YES;
				IPHONEOS_DEPLOYMENT_TARGET = 15.2;
				MTL_ENABLE_DEBUG_INFO = NO;
				MTL_FAST_MATH = YES;
				SDKROOT = iphoneos;
				SWIFT_COMPILATION_MODE = wholemodule;
				SWIFT_OPTIMIZATION_LEVEL = "-O";
				VALIDATE_PRODUCT = YES;
			};
			name = Release;
		};
		F8F0A92D2C79C82B009C85BC /* Debug */ = {
			isa = XCBuildConfiguration;
			buildSettings = {
				ASSETCATALOG_COMPILER_APPICON_NAME = AppIcon;
				ASSETCATALOG_COMPILER_GLOBAL_ACCENT_COLOR_NAME = AccentColor;
				CODE_SIGN_STYLE = Automatic;
				CURRENT_PROJECT_VERSION = 1;
				DEVELOPMENT_TEAM = 4GCHRSUZV2;
				GENERATE_INFOPLIST_FILE = YES;
				INFOPLIST_FILE = Project1/Info.plist;
				INFOPLIST_KEY_UIApplicationSupportsIndirectInputEvents = YES;
				INFOPLIST_KEY_UILaunchStoryboardName = LaunchScreen;
				INFOPLIST_KEY_UIMainStoryboardFile = Main;
				INFOPLIST_KEY_UISupportedInterfaceOrientations_iPad = "UIInterfaceOrientationPortrait UIInterfaceOrientationPortraitUpsideDown UIInterfaceOrientationLandscapeLeft UIInterfaceOrientationLandscapeRight";
				INFOPLIST_KEY_UISupportedInterfaceOrientations_iPhone = "UIInterfaceOrientationPortrait UIInterfaceOrientationLandscapeLeft UIInterfaceOrientationLandscapeRight";
				IPHONEOS_DEPLOYMENT_TARGET = 15.0;
				LD_RUNPATH_SEARCH_PATHS = (
					"$(inherited)",
					"@executable_path/Frameworks",
				);
				MARKETING_VERSION = 1.0;
				PRODUCT_BUNDLE_IDENTIFIER = com.Ovomate.Project1;
				PRODUCT_NAME = "$(TARGET_NAME)";
				SWIFT_EMIT_LOC_STRINGS = YES;
				SWIFT_VERSION = 5.0;
				TARGETED_DEVICE_FAMILY = "1,2";
			};
			name = Debug;
		};
		F8F0A92E2C79C82B009C85BC /* Release */ = {
			isa = XCBuildConfiguration;
			buildSettings = {
				ASSETCATALOG_COMPILER_APPICON_NAME = AppIcon;
				ASSETCATALOG_COMPILER_GLOBAL_ACCENT_COLOR_NAME = AccentColor;
				CODE_SIGN_STYLE = Automatic;
				CURRENT_PROJECT_VERSION = 1;
				DEVELOPMENT_TEAM = 4GCHRSUZV2;
				GENERATE_INFOPLIST_FILE = YES;
				INFOPLIST_FILE = Project1/Info.plist;
				INFOPLIST_KEY_UIApplicationSupportsIndirectInputEvents = YES;
				INFOPLIST_KEY_UILaunchStoryboardName = LaunchScreen;
				INFOPLIST_KEY_UIMainStoryboardFile = Main;
				INFOPLIST_KEY_UISupportedInterfaceOrientations_iPad = "UIInterfaceOrientationPortrait UIInterfaceOrientationPortraitUpsideDown UIInterfaceOrientationLandscapeLeft UIInterfaceOrientationLandscapeRight";
				INFOPLIST_KEY_UISupportedInterfaceOrientations_iPhone = "UIInterfaceOrientationPortrait UIInterfaceOrientationLandscapeLeft UIInterfaceOrientationLandscapeRight";
				IPHONEOS_DEPLOYMENT_TARGET = 15.0;
				LD_RUNPATH_SEARCH_PATHS = (
					"$(inherited)",
					"@executable_path/Frameworks",
				);
				MARKETING_VERSION = 1.0;
				PRODUCT_BUNDLE_IDENTIFIER = com.Ovomate.Project1;
				PRODUCT_NAME = "$(TARGET_NAME)";
				SWIFT_EMIT_LOC_STRINGS = YES;
				SWIFT_VERSION = 5.0;
				TARGETED_DEVICE_FAMILY = "1,2";
			};
			name = Release;
		};
/* End XCBuildConfiguration section */

/* Begin XCConfigurationList section */
		F8F0A9132C79C828009C85BC /* Build configuration list for PBXProject "Project1" */ = {
			isa = XCConfigurationList;
			buildConfigurations = (
				F8F0A92A2C79C82B009C85BC /* Debug */,
				F8F0A92B2C79C82B009C85BC /* Release */,
			);
			defaultConfigurationIsVisible = 0;
			defaultConfigurationName = Release;
		};
		F8F0A92C2C79C82B009C85BC /* Build configuration list for PBXNativeTarget "Project1" */ = {
			isa = XCConfigurationList;
			buildConfigurations = (
				F8F0A92D2C79C82B009C85BC /* Debug */,
				F8F0A92E2C79C82B009C85BC /* Release */,
			);
			defaultConfigurationIsVisible = 0;
			defaultConfigurationName = Release;
		};
/* End XCConfigurationList section */
	};
	rootObject = F8F0A9102C79C828009C85BC /* Project object */;
}
