// !$*UTF8*$!
{
	archiveVersion = 1;
	classes = {
	};
	objectVersion = 56;
	objects = {

/* Begin PBXBuildFile section */
		F860665F2CB3026A004F349F /* AppDelegate.swift in Sources */ = {isa = PBXBuildFile; fileRef = F860665E2CB3026A004F349F /* AppDelegate.swift */; };
		F86066612CB3026A004F349F /* SceneDelegate.swift in Sources */ = {isa = PBXBuildFile; fileRef = F86066602CB3026A004F349F /* SceneDelegate.swift */; };
		F86066632CB3026A004F349F /* ViewController.swift in Sources */ = {isa = PBXBuildFile; fileRef = F86066622CB3026A004F349F /* ViewController.swift */; };
		F86066662CB3026A004F349F /* Base in Resources */ = {isa = PBXBuildFile; fileRef = F86066652CB3026A004F349F /* Base */; };
		F86066682CB3026D004F349F /* Assets.xcassets in Resources */ = {isa = PBXBuildFile; fileRef = F86066672CB3026D004F349F /* Assets.xcassets */; };
		F860666B2CB3026D004F349F /* Base in Resources */ = {isa = PBXBuildFile; fileRef = F860666A2CB3026D004F349F /* Base */; };
		F86066792CB303EC004F349F /* UniformTypeIdentifiers.framework in Frameworks */ = {isa = PBXBuildFile; fileRef = F86066782CB303EB004F349F /* UniformTypeIdentifiers.framework */; };
		F860667C2CB303EC004F349F /* Media.xcassets in Resources */ = {isa = PBXBuildFile; fileRef = F860667B2CB303EC004F349F /* Media.xcassets */; };
		F860667E2CB303EC004F349F /* ActionViewController.swift in Sources */ = {isa = PBXBuildFile; fileRef = F860667D2CB303EC004F349F /* ActionViewController.swift */; };
		F86066812CB303EC004F349F /* Base in Resources */ = {isa = PBXBuildFile; fileRef = F86066802CB303EC004F349F /* Base */; };
		F86066852CB303EC004F349F /* Extension.appex in Embed Foundation Extensions */ = {isa = PBXBuildFile; fileRef = F86066762CB303EB004F349F /* Extension.appex */; settings = {ATTRIBUTES = (RemoveHeadersOnCopy, ); }; };
		F860668B2CB30B7D004F349F /* Action.js in Resources */ = {isa = PBXBuildFile; fileRef = F860668A2CB30B7D004F349F /* Action.js */; };
		F86F6D962CB5B432007F2E3B /* ScriptTableViewCell.swift in Sources */ = {isa = PBXBuildFile; fileRef = F86F6D952CB5B432007F2E3B /* ScriptTableViewCell.swift */; };
		F86F6D982CB5B85F007F2E3B /* ScriptViewController.swift in Sources */ = {isa = PBXBuildFile; fileRef = F86F6D972CB5B85F007F2E3B /* ScriptViewController.swift */; };
/* End PBXBuildFile section */

/* Begin PBXContainerItemProxy section */
		F86066832CB303EC004F349F /* PBXContainerItemProxy */ = {
			isa = PBXContainerItemProxy;
			containerPortal = F86066532CB3026A004F349F /* Project object */;
			proxyType = 1;
			remoteGlobalIDString = F86066752CB303EB004F349F;
			remoteInfo = Extension;
		};
/* End PBXContainerItemProxy section */

/* Begin PBXCopyFilesBuildPhase section */
		F86066892CB303EC004F349F /* Embed Foundation Extensions */ = {
			isa = PBXCopyFilesBuildPhase;
			buildActionMask = 2147483647;
			dstPath = "";
			dstSubfolderSpec = 13;
			files = (
				F86066852CB303EC004F349F /* Extension.appex in Embed Foundation Extensions */,
			);
			name = "Embed Foundation Extensions";
			runOnlyForDeploymentPostprocessing = 0;
		};
/* End PBXCopyFilesBuildPhase section */

/* Begin PBXFileReference section */
		F860665B2CB3026A004F349F /* Project19 - JavaScript Injection.app */ = {isa = PBXFileReference; explicitFileType = wrapper.application; includeInIndex = 0; path = "Project19 - JavaScript Injection.app"; sourceTree = BUILT_PRODUCTS_DIR; };
		F860665E2CB3026A004F349F /* AppDelegate.swift */ = {isa = PBXFileReference; lastKnownFileType = sourcecode.swift; path = AppDelegate.swift; sourceTree = "<group>"; };
		F86066602CB3026A004F349F /* SceneDelegate.swift */ = {isa = PBXFileReference; lastKnownFileType = sourcecode.swift; path = SceneDelegate.swift; sourceTree = "<group>"; };
		F86066622CB3026A004F349F /* ViewController.swift */ = {isa = PBXFileReference; lastKnownFileType = sourcecode.swift; path = ViewController.swift; sourceTree = "<group>"; };
		F86066652CB3026A004F349F /* Base */ = {isa = PBXFileReference; lastKnownFileType = file.storyboard; name = Base; path = Base.lproj/Main.storyboard; sourceTree = "<group>"; };
		F86066672CB3026D004F349F /* Assets.xcassets */ = {isa = PBXFileReference; lastKnownFileType = folder.assetcatalog; path = Assets.xcassets; sourceTree = "<group>"; };
		F860666A2CB3026D004F349F /* Base */ = {isa = PBXFileReference; lastKnownFileType = file.storyboard; name = Base; path = Base.lproj/LaunchScreen.storyboard; sourceTree = "<group>"; };
		F860666C2CB3026D004F349F /* Info.plist */ = {isa = PBXFileReference; lastKnownFileType = text.plist.xml; path = Info.plist; sourceTree = "<group>"; };
		F86066762CB303EB004F349F /* Extension.appex */ = {isa = PBXFileReference; explicitFileType = "wrapper.app-extension"; includeInIndex = 0; path = Extension.appex; sourceTree = BUILT_PRODUCTS_DIR; };
		F86066782CB303EB004F349F /* UniformTypeIdentifiers.framework */ = {isa = PBXFileReference; lastKnownFileType = wrapper.framework; name = UniformTypeIdentifiers.framework; path = System/Library/Frameworks/UniformTypeIdentifiers.framework; sourceTree = SDKROOT; };
		F860667B2CB303EC004F349F /* Media.xcassets */ = {isa = PBXFileReference; lastKnownFileType = folder.assetcatalog; path = Media.xcassets; sourceTree = "<group>"; };
		F860667D2CB303EC004F349F /* ActionViewController.swift */ = {isa = PBXFileReference; lastKnownFileType = sourcecode.swift; path = ActionViewController.swift; sourceTree = "<group>"; };
		F86066802CB303EC004F349F /* Base */ = {isa = PBXFileReference; lastKnownFileType = file.storyboard; name = Base; path = Base.lproj/MainInterface.storyboard; sourceTree = "<group>"; };
		F86066822CB303EC004F349F /* Info.plist */ = {isa = PBXFileReference; lastKnownFileType = text.plist.xml; path = Info.plist; sourceTree = "<group>"; };
		F860668A2CB30B7D004F349F /* Action.js */ = {isa = PBXFileReference; lastKnownFileType = sourcecode.javascript; path = Action.js; sourceTree = "<group>"; };
		F86F6D952CB5B432007F2E3B /* ScriptTableViewCell.swift */ = {isa = PBXFileReference; lastKnownFileType = sourcecode.swift; path = ScriptTableViewCell.swift; sourceTree = "<group>"; };
		F86F6D972CB5B85F007F2E3B /* ScriptViewController.swift */ = {isa = PBXFileReference; lastKnownFileType = sourcecode.swift; path = ScriptViewController.swift; sourceTree = "<group>"; };
/* End PBXFileReference section */

/* Begin PBXFrameworksBuildPhase section */
		F86066582CB3026A004F349F /* Frameworks */ = {
			isa = PBXFrameworksBuildPhase;
			buildActionMask = 2147483647;
			files = (
			);
			runOnlyForDeploymentPostprocessing = 0;
		};
		F86066732CB303EB004F349F /* Frameworks */ = {
			isa = PBXFrameworksBuildPhase;
			buildActionMask = 2147483647;
			files = (
				F86066792CB303EC004F349F /* UniformTypeIdentifiers.framework in Frameworks */,
			);
			runOnlyForDeploymentPostprocessing = 0;
		};
/* End PBXFrameworksBuildPhase section */

/* Begin PBXGroup section */
		F86066522CB3026A004F349F = {
			isa = PBXGroup;
			children = (
				F860665D2CB3026A004F349F /* Project19 - JavaScript Injection */,
				F860667A2CB303EC004F349F /* Extension */,
				F86066772CB303EB004F349F /* Frameworks */,
				F860665C2CB3026A004F349F /* Products */,
			);
			sourceTree = "<group>";
		};
		F860665C2CB3026A004F349F /* Products */ = {
			isa = PBXGroup;
			children = (
				F860665B2CB3026A004F349F /* Project19 - JavaScript Injection.app */,
				F86066762CB303EB004F349F /* Extension.appex */,
			);
			name = Products;
			sourceTree = "<group>";
		};
		F860665D2CB3026A004F349F /* Project19 - JavaScript Injection */ = {
			isa = PBXGroup;
			children = (
				F860665E2CB3026A004F349F /* AppDelegate.swift */,
				F86066602CB3026A004F349F /* SceneDelegate.swift */,
				F86066622CB3026A004F349F /* ViewController.swift */,
				F86066642CB3026A004F349F /* Main.storyboard */,
				F86066672CB3026D004F349F /* Assets.xcassets */,
				F86066692CB3026D004F349F /* LaunchScreen.storyboard */,
				F860666C2CB3026D004F349F /* Info.plist */,
			);
			path = "Project19 - JavaScript Injection";
			sourceTree = "<group>";
		};
		F86066772CB303EB004F349F /* Frameworks */ = {
			isa = PBXGroup;
			children = (
				F86066782CB303EB004F349F /* UniformTypeIdentifiers.framework */,
			);
			name = Frameworks;
			sourceTree = "<group>";
		};
		F860667A2CB303EC004F349F /* Extension */ = {
			isa = PBXGroup;
			children = (
				F860667B2CB303EC004F349F /* Media.xcassets */,
				F86F6D952CB5B432007F2E3B /* ScriptTableViewCell.swift */,
				F860667D2CB303EC004F349F /* ActionViewController.swift */,
				F86F6D972CB5B85F007F2E3B /* ScriptViewController.swift */,
				F860667F2CB303EC004F349F /* MainInterface.storyboard */,
				F86066822CB303EC004F349F /* Info.plist */,
				F860668A2CB30B7D004F349F /* Action.js */,
			);
			path = Extension;
			sourceTree = "<group>";
		};
/* End PBXGroup section */

/* Begin PBXNativeTarget section */
		F860665A2CB3026A004F349F /* Project19 - JavaScript Injection */ = {
			isa = PBXNativeTarget;
			buildConfigurationList = F860666F2CB3026D004F349F /* Build configuration list for PBXNativeTarget "Project19 - JavaScript Injection" */;
			buildPhases = (
				F86066572CB3026A004F349F /* Sources */,
				F86066582CB3026A004F349F /* Frameworks */,
				F86066592CB3026A004F349F /* Resources */,
				F86066892CB303EC004F349F /* Embed Foundation Extensions */,
			);
			buildRules = (
			);
			dependencies = (
				F86066842CB303EC004F349F /* PBXTargetDependency */,
			);
			name = "Project19 - JavaScript Injection";
			productName = "Project19 - JavaScript Injection";
			productReference = F860665B2CB3026A004F349F /* Project19 - JavaScript Injection.app */;
			productType = "com.apple.product-type.application";
		};
		F86066752CB303EB004F349F /* Extension */ = {
			isa = PBXNativeTarget;
			buildConfigurationList = F86066862CB303EC004F349F /* Build configuration list for PBXNativeTarget "Extension" */;
			buildPhases = (
				F86066722CB303EB004F349F /* Sources */,
				F86066732CB303EB004F349F /* Frameworks */,
				F86066742CB303EB004F349F /* Resources */,
			);
			buildRules = (
			);
			dependencies = (
			);
			name = Extension;
			productName = Extension;
			productReference = F86066762CB303EB004F349F /* Extension.appex */;
			productType = "com.apple.product-type.app-extension";
		};
/* End PBXNativeTarget section */

/* Begin PBXProject section */
		F86066532CB3026A004F349F /* Project object */ = {
			isa = PBXProject;
			attributes = {
				BuildIndependentTargetsInParallel = 1;
				LastSwiftUpdateCheck = 1540;
				LastUpgradeCheck = 1540;
				TargetAttributes = {
					F860665A2CB3026A004F349F = {
						CreatedOnToolsVersion = 15.4;
					};
					F86066752CB303EB004F349F = {
						CreatedOnToolsVersion = 15.4;
					};
				};
			};
			buildConfigurationList = F86066562CB3026A004F349F /* Build configuration list for PBXProject "Project19 - JavaScript Injection" */;
			compatibilityVersion = "Xcode 14.0";
			developmentRegion = en;
			hasScannedForEncodings = 0;
			knownRegions = (
				en,
				Base,
			);
			mainGroup = F86066522CB3026A004F349F;
			productRefGroup = F860665C2CB3026A004F349F /* Products */;
			projectDirPath = "";
			projectRoot = "";
			targets = (
				F860665A2CB3026A004F349F /* Project19 - JavaScript Injection */,
				F86066752CB303EB004F349F /* Extension */,
			);
		};
/* End PBXProject section */

/* Begin PBXResourcesBuildPhase section */
		F86066592CB3026A004F349F /* Resources */ = {
			isa = PBXResourcesBuildPhase;
			buildActionMask = 2147483647;
			files = (
				F86066682CB3026D004F349F /* Assets.xcassets in Resources */,
				F860666B2CB3026D004F349F /* Base in Resources */,
				F86066662CB3026A004F349F /* Base in Resources */,
			);
			runOnlyForDeploymentPostprocessing = 0;
		};
		F86066742CB303EB004F349F /* Resources */ = {
			isa = PBXResourcesBuildPhase;
			buildActionMask = 2147483647;
			files = (
				F860668B2CB30B7D004F349F /* Action.js in Resources */,
				F860667C2CB303EC004F349F /* Media.xcassets in Resources */,
				F86066812CB303EC004F349F /* Base in Resources */,
			);
			runOnlyForDeploymentPostprocessing = 0;
		};
/* End PBXResourcesBuildPhase section */

/* Begin PBXSourcesBuildPhase section */
		F86066572CB3026A004F349F /* Sources */ = {
			isa = PBXSourcesBuildPhase;
			buildActionMask = 2147483647;
			files = (
				F86066632CB3026A004F349F /* ViewController.swift in Sources */,
				F860665F2CB3026A004F349F /* AppDelegate.swift in Sources */,
				F86066612CB3026A004F349F /* SceneDelegate.swift in Sources */,
			);
			runOnlyForDeploymentPostprocessing = 0;
		};
		F86066722CB303EB004F349F /* Sources */ = {
			isa = PBXSourcesBuildPhase;
			buildActionMask = 2147483647;
			files = (
				F860667E2CB303EC004F349F /* ActionViewController.swift in Sources */,
				F86F6D962CB5B432007F2E3B /* ScriptTableViewCell.swift in Sources */,
				F86F6D982CB5B85F007F2E3B /* ScriptViewController.swift in Sources */,
			);
			runOnlyForDeploymentPostprocessing = 0;
		};
/* End PBXSourcesBuildPhase section */

/* Begin PBXTargetDependency section */
		F86066842CB303EC004F349F /* PBXTargetDependency */ = {
			isa = PBXTargetDependency;
			target = F86066752CB303EB004F349F /* Extension */;
			targetProxy = F86066832CB303EC004F349F /* PBXContainerItemProxy */;
		};
/* End PBXTargetDependency section */

/* Begin PBXVariantGroup section */
		F86066642CB3026A004F349F /* Main.storyboard */ = {
			isa = PBXVariantGroup;
			children = (
				F86066652CB3026A004F349F /* Base */,
			);
			name = Main.storyboard;
			sourceTree = "<group>";
		};
		F86066692CB3026D004F349F /* LaunchScreen.storyboard */ = {
			isa = PBXVariantGroup;
			children = (
				F860666A2CB3026D004F349F /* Base */,
			);
			name = LaunchScreen.storyboard;
			sourceTree = "<group>";
		};
		F860667F2CB303EC004F349F /* MainInterface.storyboard */ = {
			isa = PBXVariantGroup;
			children = (
				F86066802CB303EC004F349F /* Base */,
			);
			name = MainInterface.storyboard;
			sourceTree = "<group>";
		};
/* End PBXVariantGroup section */

/* Begin XCBuildConfiguration section */
		F860666D2CB3026D004F349F /* Debug */ = {
			isa = XCBuildConfiguration;
			buildSettings = {
				ALWAYS_SEARCH_USER_PATHS = NO;
				ASSETCATALOG_COMPILER_GENERATE_SWIFT_ASSET_SYMBOL_EXTENSIONS = YES;
				CLANG_ANALYZER_NONNULL = YES;
				CLANG_ANALYZER_NUMBER_OBJECT_CONVERSION = YES_AGGRESSIVE;
				CLANG_CXX_LANGUAGE_STANDARD = "gnu++20";
				CLANG_ENABLE_MODULES = YES;
				CLANG_ENABLE_OBJC_ARC = YES;
				CLANG_ENABLE_OBJC_WEAK = YES;
				CLANG_WARN_BLOCK_CAPTURE_AUTORELEASING = YES;
				CLANG_WARN_BOOL_CONVERSION = YES;
				CLANG_WARN_COMMA = YES;
				CLANG_WARN_CONSTANT_CONVERSION = YES;
				CLANG_WARN_DEPRECATED_OBJC_IMPLEMENTATIONS = YES;
				CLANG_WARN_DIRECT_OBJC_ISA_USAGE = YES_ERROR;
				CLANG_WARN_DOCUMENTATION_COMMENTS = YES;
				CLANG_WARN_EMPTY_BODY = YES;
				CLANG_WARN_ENUM_CONVERSION = YES;
				CLANG_WARN_INFINITE_RECURSION = YES;
				CLANG_WARN_INT_CONVERSION = YES;
				CLANG_WARN_NON_LITERAL_NULL_CONVERSION = YES;
				CLANG_WARN_OBJC_IMPLICIT_RETAIN_SELF = YES;
				CLANG_WARN_OBJC_LITERAL_CONVERSION = YES;
				CLANG_WARN_OBJC_ROOT_CLASS = YES_ERROR;
				CLANG_WARN_QUOTED_INCLUDE_IN_FRAMEWORK_HEADER = YES;
				CLANG_WARN_RANGE_LOOP_ANALYSIS = YES;
				CLANG_WARN_STRICT_PROTOTYPES = YES;
				CLANG_WARN_SUSPICIOUS_MOVE = YES;
				CLANG_WARN_UNGUARDED_AVAILABILITY = YES_AGGRESSIVE;
				CLANG_WARN_UNREACHABLE_CODE = YES;
				CLANG_WARN__DUPLICATE_METHOD_MATCH = YES;
				COPY_PHASE_STRIP = NO;
				DEBUG_INFORMATION_FORMAT = dwarf;
				ENABLE_STRICT_OBJC_MSGSEND = YES;
				ENABLE_TESTABILITY = YES;
				ENABLE_USER_SCRIPT_SANDBOXING = YES;
				GCC_C_LANGUAGE_STANDARD = gnu17;
				GCC_DYNAMIC_NO_PIC = NO;
				GCC_NO_COMMON_BLOCKS = YES;
				GCC_OPTIMIZATION_LEVEL = 0;
				GCC_PREPROCESSOR_DEFINITIONS = (
					"DEBUG=1",
					"$(inherited)",
				);
				GCC_WARN_64_TO_32_BIT_CONVERSION = YES;
				GCC_WARN_ABOUT_RETURN_TYPE = YES_ERROR;
				GCC_WARN_UNDECLARED_SELECTOR = YES;
				GCC_WARN_UNINITIALIZED_AUTOS = YES_AGGRESSIVE;
				GCC_WARN_UNUSED_FUNCTION = YES;
				GCC_WARN_UNUSED_VARIABLE = YES;
				IPHONEOS_DEPLOYMENT_TARGET = 17.5;
				LOCALIZATION_PREFERS_STRING_CATALOGS = YES;
				MTL_ENABLE_DEBUG_INFO = INCLUDE_SOURCE;
				MTL_FAST_MATH = YES;
				ONLY_ACTIVE_ARCH = YES;
				SDKROOT = iphoneos;
				SWIFT_ACTIVE_COMPILATION_CONDITIONS = "DEBUG $(inherited)";
				SWIFT_OPTIMIZATION_LEVEL = "-Onone";
			};
			name = Debug;
		};
		F860666E2CB3026D004F349F /* Release */ = {
			isa = XCBuildConfiguration;
			buildSettings = {
				ALWAYS_SEARCH_USER_PATHS = NO;
				ASSETCATALOG_COMPILER_GENERATE_SWIFT_ASSET_SYMBOL_EXTENSIONS = YES;
				CLANG_ANALYZER_NONNULL = YES;
				CLANG_ANALYZER_NUMBER_OBJECT_CONVERSION = YES_AGGRESSIVE;
				CLANG_CXX_LANGUAGE_STANDARD = "gnu++20";
				CLANG_ENABLE_MODULES = YES;
				CLANG_ENABLE_OBJC_ARC = YES;
				CLANG_ENABLE_OBJC_WEAK = YES;
				CLANG_WARN_BLOCK_CAPTURE_AUTORELEASING = YES;
				CLANG_WARN_BOOL_CONVERSION = YES;
				CLANG_WARN_COMMA = YES;
				CLANG_WARN_CONSTANT_CONVERSION = YES;
				CLANG_WARN_DEPRECATED_OBJC_IMPLEMENTATIONS = YES;
				CLANG_WARN_DIRECT_OBJC_ISA_USAGE = YES_ERROR;
				CLANG_WARN_DOCUMENTATION_COMMENTS = YES;
				CLANG_WARN_EMPTY_BODY = YES;
				CLANG_WARN_ENUM_CONVERSION = YES;
				CLANG_WARN_INFINITE_RECURSION = YES;
				CLANG_WARN_INT_CONVERSION = YES;
				CLANG_WARN_NON_LITERAL_NULL_CONVERSION = YES;
				CLANG_WARN_OBJC_IMPLICIT_RETAIN_SELF = YES;
				CLANG_WARN_OBJC_LITERAL_CONVERSION = YES;
				CLANG_WARN_OBJC_ROOT_CLASS = YES_ERROR;
				CLANG_WARN_QUOTED_INCLUDE_IN_FRAMEWORK_HEADER = YES;
				CLANG_WARN_RANGE_LOOP_ANALYSIS = YES;
				CLANG_WARN_STRICT_PROTOTYPES = YES;
				CLANG_WARN_SUSPICIOUS_MOVE = YES;
				CLANG_WARN_UNGUARDED_AVAILABILITY = YES_AGGRESSIVE;
				CLANG_WARN_UNREACHABLE_CODE = YES;
				CLANG_WARN__DUPLICATE_METHOD_MATCH = YES;
				COPY_PHASE_STRIP = NO;
				DEBUG_INFORMATION_FORMAT = "dwarf-with-dsym";
				ENABLE_NS_ASSERTIONS = NO;
				ENABLE_STRICT_OBJC_MSGSEND = YES;
				ENABLE_USER_SCRIPT_SANDBOXING = YES;
				GCC_C_LANGUAGE_STANDARD = gnu17;
				GCC_NO_COMMON_BLOCKS = YES;
				GCC_WARN_64_TO_32_BIT_CONVERSION = YES;
				GCC_WARN_ABOUT_RETURN_TYPE = YES_ERROR;
				GCC_WARN_UNDECLARED_SELECTOR = YES;
				GCC_WARN_UNINITIALIZED_AUTOS = YES_AGGRESSIVE;
				GCC_WARN_UNUSED_FUNCTION = YES;
				GCC_WARN_UNUSED_VARIABLE = YES;
				IPHONEOS_DEPLOYMENT_TARGET = 17.5;
				LOCALIZATION_PREFERS_STRING_CATALOGS = YES;
				MTL_ENABLE_DEBUG_INFO = NO;
				MTL_FAST_MATH = YES;
				SDKROOT = iphoneos;
				SWIFT_COMPILATION_MODE = wholemodule;
				VALIDATE_PRODUCT = YES;
			};
			name = Release;
		};
		F86066702CB3026D004F349F /* Debug */ = {
			isa = XCBuildConfiguration;
			buildSettings = {
				ALWAYS_EMBED_SWIFT_STANDARD_LIBRARIES = YES;
				ASSETCATALOG_COMPILER_APPICON_NAME = AppIcon;
				ASSETCATALOG_COMPILER_GLOBAL_ACCENT_COLOR_NAME = AccentColor;
				CODE_SIGN_STYLE = Automatic;
				CURRENT_PROJECT_VERSION = 1;
				DEVELOPMENT_TEAM = S22WS939MQ;
				GENERATE_INFOPLIST_FILE = YES;
				INFOPLIST_FILE = "Project19 - JavaScript Injection/Info.plist";
				INFOPLIST_KEY_UIApplicationSupportsIndirectInputEvents = YES;
				INFOPLIST_KEY_UILaunchStoryboardName = LaunchScreen;
				INFOPLIST_KEY_UIMainStoryboardFile = Main;
				INFOPLIST_KEY_UISupportedInterfaceOrientations_iPad = "UIInterfaceOrientationPortrait UIInterfaceOrientationPortraitUpsideDown UIInterfaceOrientationLandscapeLeft UIInterfaceOrientationLandscapeRight";
				INFOPLIST_KEY_UISupportedInterfaceOrientations_iPhone = "UIInterfaceOrientationPortrait UIInterfaceOrientationLandscapeLeft UIInterfaceOrientationLandscapeRight";
				IPHONEOS_DEPLOYMENT_TARGET = 15.0;
				LD_RUNPATH_SEARCH_PATHS = (
					"$(inherited)",
					"@executable_path/Frameworks",
				);
				MARKETING_VERSION = 1.0;
				PRODUCT_BUNDLE_IDENTIFIER = "com.Ovomate.Project19---JavaScript-Injection";
				PRODUCT_NAME = "$(TARGET_NAME)";
				SUPPORTED_PLATFORMS = "iphoneos iphonesimulator";
				SUPPORTS_MACCATALYST = NO;
				SUPPORTS_MAC_DESIGNED_FOR_IPHONE_IPAD = NO;
				SUPPORTS_XR_DESIGNED_FOR_IPHONE_IPAD = NO;
				SWIFT_EMIT_LOC_STRINGS = YES;
				SWIFT_VERSION = 5.0;
				TARGETED_DEVICE_FAMILY = "1,2";
			};
			name = Debug;
		};
		F86066712CB3026D004F349F /* Release */ = {
			isa = XCBuildConfiguration;
			buildSettings = {
				ALWAYS_EMBED_SWIFT_STANDARD_LIBRARIES = YES;
				ASSETCATALOG_COMPILER_APPICON_NAME = AppIcon;
				ASSETCATALOG_COMPILER_GLOBAL_ACCENT_COLOR_NAME = AccentColor;
				CODE_SIGN_STYLE = Automatic;
				CURRENT_PROJECT_VERSION = 1;
				DEVELOPMENT_TEAM = S22WS939MQ;
				GENERATE_INFOPLIST_FILE = YES;
				INFOPLIST_FILE = "Project19 - JavaScript Injection/Info.plist";
				INFOPLIST_KEY_UIApplicationSupportsIndirectInputEvents = YES;
				INFOPLIST_KEY_UILaunchStoryboardName = LaunchScreen;
				INFOPLIST_KEY_UIMainStoryboardFile = Main;
				INFOPLIST_KEY_UISupportedInterfaceOrientations_iPad = "UIInterfaceOrientationPortrait UIInterfaceOrientationPortraitUpsideDown UIInterfaceOrientationLandscapeLeft UIInterfaceOrientationLandscapeRight";
				INFOPLIST_KEY_UISupportedInterfaceOrientations_iPhone = "UIInterfaceOrientationPortrait UIInterfaceOrientationLandscapeLeft UIInterfaceOrientationLandscapeRight";
				IPHONEOS_DEPLOYMENT_TARGET = 15.0;
				LD_RUNPATH_SEARCH_PATHS = (
					"$(inherited)",
					"@executable_path/Frameworks",
				);
				MARKETING_VERSION = 1.0;
				PRODUCT_BUNDLE_IDENTIFIER = "com.Ovomate.Project19---JavaScript-Injection";
				PRODUCT_NAME = "$(TARGET_NAME)";
				SUPPORTED_PLATFORMS = "iphoneos iphonesimulator";
				SUPPORTS_MACCATALYST = NO;
				SUPPORTS_MAC_DESIGNED_FOR_IPHONE_IPAD = NO;
				SUPPORTS_XR_DESIGNED_FOR_IPHONE_IPAD = NO;
				SWIFT_EMIT_LOC_STRINGS = YES;
				SWIFT_VERSION = 5.0;
				TARGETED_DEVICE_FAMILY = "1,2";
			};
			name = Release;
		};
		F86066872CB303EC004F349F /* Debug */ = {
			isa = XCBuildConfiguration;
			buildSettings = {
				CODE_SIGN_STYLE = Automatic;
				CURRENT_PROJECT_VERSION = 1;
				DEVELOPMENT_TEAM = S22WS939MQ;
				GENERATE_INFOPLIST_FILE = YES;
				INFOPLIST_FILE = Extension/Info.plist;
				INFOPLIST_KEY_CFBundleDisplayName = Extension;
				INFOPLIST_KEY_NSHumanReadableCopyright = "";
				LD_RUNPATH_SEARCH_PATHS = (
					"$(inherited)",
					"@executable_path/Frameworks",
					"@executable_path/../../Frameworks",
				);
				MARKETING_VERSION = 1.0;
				PRODUCT_BUNDLE_IDENTIFIER = "com.Ovomate.Project19---JavaScript-Injection.Extension";
				PRODUCT_NAME = "$(TARGET_NAME)";
				SKIP_INSTALL = YES;
				SWIFT_EMIT_LOC_STRINGS = YES;
				SWIFT_VERSION = 5.0;
				TARGETED_DEVICE_FAMILY = "1,2";
			};
			name = Debug;
		};
		F86066882CB303EC004F349F /* Release */ = {
			isa = XCBuildConfiguration;
			buildSettings = {
				CODE_SIGN_STYLE = Automatic;
				CURRENT_PROJECT_VERSION = 1;
				DEVELOPMENT_TEAM = S22WS939MQ;
				GENERATE_INFOPLIST_FILE = YES;
				INFOPLIST_FILE = Extension/Info.plist;
				INFOPLIST_KEY_CFBundleDisplayName = Extension;
				INFOPLIST_KEY_NSHumanReadableCopyright = "";
				LD_RUNPATH_SEARCH_PATHS = (
					"$(inherited)",
					"@executable_path/Frameworks",
					"@executable_path/../../Frameworks",
				);
				MARKETING_VERSION = 1.0;
				PRODUCT_BUNDLE_IDENTIFIER = "com.Ovomate.Project19---JavaScript-Injection.Extension";
				PRODUCT_NAME = "$(TARGET_NAME)";
				SKIP_INSTALL = YES;
				SWIFT_EMIT_LOC_STRINGS = YES;
				SWIFT_VERSION = 5.0;
				TARGETED_DEVICE_FAMILY = "1,2";
			};
			name = Release;
		};
/* End XCBuildConfiguration section */

/* Begin XCConfigurationList section */
		F86066562CB3026A004F349F /* Build configuration list for PBXProject "Project19 - JavaScript Injection" */ = {
			isa = XCConfigurationList;
			buildConfigurations = (
				F860666D2CB3026D004F349F /* Debug */,
				F860666E2CB3026D004F349F /* Release */,
			);
			defaultConfigurationIsVisible = 0;
			defaultConfigurationName = Release;
		};
		F860666F2CB3026D004F349F /* Build configuration list for PBXNativeTarget "Project19 - JavaScript Injection" */ = {
			isa = XCConfigurationList;
			buildConfigurations = (
				F86066702CB3026D004F349F /* Debug */,
				F86066712CB3026D004F349F /* Release */,
			);
			defaultConfigurationIsVisible = 0;
			defaultConfigurationName = Release;
		};
		F86066862CB303EC004F349F /* Build configuration list for PBXNativeTarget "Extension" */ = {
			isa = XCConfigurationList;
			buildConfigurations = (
				F86066872CB303EC004F349F /* Debug */,
				F86066882CB303EC004F349F /* Release */,
			);
			defaultConfigurationIsVisible = 0;
			defaultConfigurationName = Release;
		};
/* End XCConfigurationList section */
	};
	rootObject = F86066532CB3026A004F349F /* Project object */;
}
